// !$*UTF8*$!
{
	archiveVersion = 1;
	classes = {
	};
	objectVersion = 50;
	objects = {

/* Begin PBXBuildFile section */
		4E4432FA23FD7BB4000B2163 /* AppDelegate.swift in Sources */ = {isa = PBXBuildFile; fileRef = 4E4432F923FD7BB4000B2163 /* AppDelegate.swift */; };
		4E4432FC23FD7BB4000B2163 /* SceneDelegate.swift in Sources */ = {isa = PBXBuildFile; fileRef = 4E4432FB23FD7BB4000B2163 /* SceneDelegate.swift */; };
		4E4432FE23FD7BB4000B2163 /* ContentView.swift in Sources */ = {isa = PBXBuildFile; fileRef = 4E4432FD23FD7BB4000B2163 /* ContentView.swift */; };
		4E44330023FD7BB7000B2163 /* Assets.xcassets in Resources */ = {isa = PBXBuildFile; fileRef = 4E4432FF23FD7BB7000B2163 /* Assets.xcassets */; };
		4E44330323FD7BB7000B2163 /* Preview Assets.xcassets in Resources */ = {isa = PBXBuildFile; fileRef = 4E44330223FD7BB7000B2163 /* Preview Assets.xcassets */; };
		4E44330623FD7BB7000B2163 /* LaunchScreen.storyboard in Resources */ = {isa = PBXBuildFile; fileRef = 4E44330423FD7BB7000B2163 /* LaunchScreen.storyboard */; };
		4E44331123FD7BB7000B2163 /* helloTests.swift in Sources */ = {isa = PBXBuildFile; fileRef = 4E44331023FD7BB7000B2163 /* helloTests.swift */; };
		4E44331C23FD7BB7000B2163 /* helloUITests.swift in Sources */ = {isa = PBXBuildFile; fileRef = 4E44331B23FD7BB7000B2163 /* helloUITests.swift */; };
/* End PBXBuildFile section */

/* Begin PBXContainerItemProxy section */
		4E44330D23FD7BB7000B2163 /* PBXContainerItemProxy */ = {
			isa = PBXContainerItemProxy;
			containerPortal = 4E4432EE23FD7BB3000B2163 /* Project object */;
			proxyType = 1;
			remoteGlobalIDString = 4E4432F523FD7BB4000B2163;
			remoteInfo = hello;
		};
		4E44331823FD7BB7000B2163 /* PBXContainerItemProxy */ = {
			isa = PBXContainerItemProxy;
			containerPortal = 4E4432EE23FD7BB3000B2163 /* Project object */;
			proxyType = 1;
			remoteGlobalIDString = 4E4432F523FD7BB4000B2163;
			remoteInfo = hello;
		};
/* End PBXContainerItemProxy section */

/* Begin PBXFileReference section */
		4E4432F623FD7BB4000B2163 /* hello.app */ = {isa = PBXFileReference; explicitFileType = wrapper.application; includeInIndex = 0; path = hello.app; sourceTree = BUILT_PRODUCTS_DIR; };
		4E4432F923FD7BB4000B2163 /* AppDelegate.swift */ = {isa = PBXFileReference; lastKnownFileType = sourcecode.swift; path = AppDelegate.swift; sourceTree = "<group>"; };
		4E4432FB23FD7BB4000B2163 /* SceneDelegate.swift */ = {isa = PBXFileReference; lastKnownFileType = sourcecode.swift; path = SceneDelegate.swift; sourceTree = "<group>"; };
		4E4432FD23FD7BB4000B2163 /* ContentView.swift */ = {isa = PBXFileReference; lastKnownFileType = sourcecode.swift; path = ContentView.swift; sourceTree = "<group>"; };
		4E4432FF23FD7BB7000B2163 /* Assets.xcassets */ = {isa = PBXFileReference; lastKnownFileType = folder.assetcatalog; path = Assets.xcassets; sourceTree = "<group>"; };
		4E44330223FD7BB7000B2163 /* Preview Assets.xcassets */ = {isa = PBXFileReference; lastKnownFileType = folder.assetcatalog; path = "Preview Assets.xcassets"; sourceTree = "<group>"; };
		4E44330523FD7BB7000B2163 /* Base */ = {isa = PBXFileReference; lastKnownFileType = file.storyboard; name = Base; path = Base.lproj/LaunchScreen.storyboard; sourceTree = "<group>"; };
		4E44330723FD7BB7000B2163 /* Info.plist */ = {isa = PBXFileReference; lastKnownFileType = text.plist.xml; path = Info.plist; sourceTree = "<group>"; };
		4E44330C23FD7BB7000B2163 /* helloTests.xctest */ = {isa = PBXFileReference; explicitFileType = wrapper.cfbundle; includeInIndex = 0; path = helloTests.xctest; sourceTree = BUILT_PRODUCTS_DIR; };
		4E44331023FD7BB7000B2163 /* helloTests.swift */ = {isa = PBXFileReference; lastKnownFileType = sourcecode.swift; path = helloTests.swift; sourceTree = "<group>"; };
		4E44331223FD7BB7000B2163 /* Info.plist */ = {isa = PBXFileReference; lastKnownFileType = text.plist.xml; path = Info.plist; sourceTree = "<group>"; };
		4E44331723FD7BB7000B2163 /* helloUITests.xctest */ = {isa = PBXFileReference; explicitFileType = wrapper.cfbundle; includeInIndex = 0; path = helloUITests.xctest; sourceTree = BUILT_PRODUCTS_DIR; };
		4E44331B23FD7BB7000B2163 /* helloUITests.swift */ = {isa = PBXFileReference; lastKnownFileType = sourcecode.swift; path = helloUITests.swift; sourceTree = "<group>"; };
		4E44331D23FD7BB7000B2163 /* Info.plist */ = {isa = PBXFileReference; lastKnownFileType = text.plist.xml; path = Info.plist; sourceTree = "<group>"; };
/* End PBXFileReference section */

/* Begin PBXFrameworksBuildPhase section */
		4E4432F323FD7BB4000B2163 /* Frameworks */ = {
			isa = PBXFrameworksBuildPhase;
			buildActionMask = 2147483647;
			files = (
			);
			runOnlyForDeploymentPostprocessing = 0;
		};
		4E44330923FD7BB7000B2163 /* Frameworks */ = {
			isa = PBXFrameworksBuildPhase;
			buildActionMask = 2147483647;
			files = (
			);
			runOnlyForDeploymentPostprocessing = 0;
		};
		4E44331423FD7BB7000B2163 /* Frameworks */ = {
			isa = PBXFrameworksBuildPhase;
			buildActionMask = 2147483647;
			files = (
			);
			runOnlyForDeploymentPostprocessing = 0;
		};
/* End PBXFrameworksBuildPhase section */

/* Begin PBXGroup section */
		4E4432ED23FD7BB3000B2163 = {
			isa = PBXGroup;
			children = (
				4E4432F823FD7BB4000B2163 /* hello */,
				4E44330F23FD7BB7000B2163 /* helloTests */,
				4E44331A23FD7BB7000B2163 /* helloUITests */,
				4E4432F723FD7BB4000B2163 /* Products */,
			);
			sourceTree = "<group>";
		};
		4E4432F723FD7BB4000B2163 /* Products */ = {
			isa = PBXGroup;
			children = (
				4E4432F623FD7BB4000B2163 /* hello.app */,
				4E44330C23FD7BB7000B2163 /* helloTests.xctest */,
				4E44331723FD7BB7000B2163 /* helloUITests.xctest */,
			);
			name = Products;
			sourceTree = "<group>";
		};
		4E4432F823FD7BB4000B2163 /* hello */ = {
			isa = PBXGroup;
			children = (
				4E4432F923FD7BB4000B2163 /* AppDelegate.swift */,
				4E4432FB23FD7BB4000B2163 /* SceneDelegate.swift */,
				4E4432FD23FD7BB4000B2163 /* ContentView.swift */,
				4E4432FF23FD7BB7000B2163 /* Assets.xcassets */,
				4E44330423FD7BB7000B2163 /* LaunchScreen.storyboard */,
				4E44330723FD7BB7000B2163 /* Info.plist */,
				4E44330123FD7BB7000B2163 /* Preview Content */,
			);
			path = hello;
			sourceTree = "<group>";
		};
		4E44330123FD7BB7000B2163 /* Preview Content */ = {
			isa = PBXGroup;
			children = (
				4E44330223FD7BB7000B2163 /* Preview Assets.xcassets */,
			);
			path = "Preview Content";
			sourceTree = "<group>";
		};
		4E44330F23FD7BB7000B2163 /* helloTests */ = {
			isa = PBXGroup;
			children = (
				4E44331023FD7BB7000B2163 /* helloTests.swift */,
				4E44331223FD7BB7000B2163 /* Info.plist */,
			);
			path = helloTests;
			sourceTree = "<group>";
		};
		4E44331A23FD7BB7000B2163 /* helloUITests */ = {
			isa = PBXGroup;
			children = (
				4E44331B23FD7BB7000B2163 /* helloUITests.swift */,
				4E44331D23FD7BB7000B2163 /* Info.plist */,
			);
			path = helloUITests;
			sourceTree = "<group>";
		};
/* End PBXGroup section */

/* Begin PBXNativeTarget section */
		4E4432F523FD7BB4000B2163 /* hello */ = {
			isa = PBXNativeTarget;
			buildConfigurationList = 4E44332023FD7BB7000B2163 /* Build configuration list for PBXNativeTarget "hello" */;
			buildPhases = (
				4E4432F223FD7BB4000B2163 /* Sources */,
				4E4432F323FD7BB4000B2163 /* Frameworks */,
				4E4432F423FD7BB4000B2163 /* Resources */,
			);
			buildRules = (
			);
			dependencies = (
			);
			name = hello;
			productName = hello;
			productReference = 4E4432F623FD7BB4000B2163 /* hello.app */;
			productType = "com.apple.product-type.application";
		};
		4E44330B23FD7BB7000B2163 /* helloTests */ = {
			isa = PBXNativeTarget;
			buildConfigurationList = 4E44332323FD7BB7000B2163 /* Build configuration list for PBXNativeTarget "helloTests" */;
			buildPhases = (
				4E44330823FD7BB7000B2163 /* Sources */,
				4E44330923FD7BB7000B2163 /* Frameworks */,
				4E44330A23FD7BB7000B2163 /* Resources */,
			);
			buildRules = (
			);
			dependencies = (
				4E44330E23FD7BB7000B2163 /* PBXTargetDependency */,
			);
			name = helloTests;
			productName = helloTests;
			productReference = 4E44330C23FD7BB7000B2163 /* helloTests.xctest */;
			productType = "com.apple.product-type.bundle.unit-test";
		};
		4E44331623FD7BB7000B2163 /* helloUITests */ = {
			isa = PBXNativeTarget;
			buildConfigurationList = 4E44332623FD7BB7000B2163 /* Build configuration list for PBXNativeTarget "helloUITests" */;
			buildPhases = (
				4E44331323FD7BB7000B2163 /* Sources */,
				4E44331423FD7BB7000B2163 /* Frameworks */,
				4E44331523FD7BB7000B2163 /* Resources */,
			);
			buildRules = (
			);
			dependencies = (
				4E44331923FD7BB7000B2163 /* PBXTargetDependency */,
			);
			name = helloUITests;
			productName = helloUITests;
			productReference = 4E44331723FD7BB7000B2163 /* helloUITests.xctest */;
			productType = "com.apple.product-type.bundle.ui-testing";
		};
/* End PBXNativeTarget section */

/* Begin PBXProject section */
		4E4432EE23FD7BB3000B2163 /* Project object */ = {
			isa = PBXProject;
			attributes = {
				LastSwiftUpdateCheck = 1130;
				LastUpgradeCheck = 1130;
				ORGANIZATIONNAME = joan;
				TargetAttributes = {
					4E4432F523FD7BB4000B2163 = {
						CreatedOnToolsVersion = 11.3.1;
					};
					4E44330B23FD7BB7000B2163 = {
						CreatedOnToolsVersion = 11.3.1;
						TestTargetID = 4E4432F523FD7BB4000B2163;
					};
					4E44331623FD7BB7000B2163 = {
						CreatedOnToolsVersion = 11.3.1;
						TestTargetID = 4E4432F523FD7BB4000B2163;
					};
				};
			};
			buildConfigurationList = 4E4432F123FD7BB3000B2163 /* Build configuration list for PBXProject "hello" */;
			compatibilityVersion = "Xcode 9.3";
			developmentRegion = en;
			hasScannedForEncodings = 0;
			knownRegions = (
				en,
				Base,
			);
			mainGroup = 4E4432ED23FD7BB3000B2163;
			productRefGroup = 4E4432F723FD7BB4000B2163 /* Products */;
			projectDirPath = "";
			projectRoot = "";
			targets = (
				4E4432F523FD7BB4000B2163 /* hello */,
				4E44330B23FD7BB7000B2163 /* helloTests */,
				4E44331623FD7BB7000B2163 /* helloUITests */,
			);
		};
/* End PBXProject section */

/* Begin PBXResourcesBuildPhase section */
		4E4432F423FD7BB4000B2163 /* Resources */ = {
			isa = PBXResourcesBuildPhase;
			buildActionMask = 2147483647;
			files = (
				4E44330623FD7BB7000B2163 /* LaunchScreen.storyboard in Resources */,
				4E44330323FD7BB7000B2163 /* Preview Assets.xcassets in Resources */,
				4E44330023FD7BB7000B2163 /* Assets.xcassets in Resources */,
			);
			runOnlyForDeploymentPostprocessing = 0;
		};
		4E44330A23FD7BB7000B2163 /* Resources */ = {
			isa = PBXResourcesBuildPhase;
			buildActionMask = 2147483647;
			files = (
			);
			runOnlyForDeploymentPostprocessing = 0;
		};
		4E44331523FD7BB7000B2163 /* Resources */ = {
			isa = PBXResourcesBuildPhase;
			buildActionMask = 2147483647;
			files = (
			);
			runOnlyForDeploymentPostprocessing = 0;
		};
/* End PBXResourcesBuildPhase section */

/* Begin PBXSourcesBuildPhase section */
		4E4432F223FD7BB4000B2163 /* Sources */ = {
			isa = PBXSourcesBuildPhase;
			buildActionMask = 2147483647;
			files = (
				4E4432FA23FD7BB4000B2163 /* AppDelegate.swift in Sources */,
				4E4432FC23FD7BB4000B2163 /* SceneDelegate.swift in Sources */,
				4E4432FE23FD7BB4000B2163 /* ContentView.swift in Sources */,
			);
			runOnlyForDeploymentPostprocessing = 0;
		};
		4E44330823FD7BB7000B2163 /* Sources */ = {
			isa = PBXSourcesBuildPhase;
			buildActionMask = 2147483647;
			files = (
				4E44331123FD7BB7000B2163 /* helloTests.swift in Sources */,
			);
			runOnlyForDeploymentPostprocessing = 0;
		};
		4E44331323FD7BB7000B2163 /* Sources */ = {
			isa = PBXSourcesBuildPhase;
			buildActionMask = 2147483647;
			files = (
				4E44331C23FD7BB7000B2163 /* helloUITests.swift in Sources */,
			);
			runOnlyForDeploymentPostprocessing = 0;
		};
/* End PBXSourcesBuildPhase section */

/* Begin PBXTargetDependency section */
		4E44330E23FD7BB7000B2163 /* PBXTargetDependency */ = {
			isa = PBXTargetDependency;
			target = 4E4432F523FD7BB4000B2163 /* hello */;
			targetProxy = 4E44330D23FD7BB7000B2163 /* PBXContainerItemProxy */;
		};
		4E44331923FD7BB7000B2163 /* PBXTargetDependency */ = {
			isa = PBXTargetDependency;
			target = 4E4432F523FD7BB4000B2163 /* hello */;
			targetProxy = 4E44331823FD7BB7000B2163 /* PBXContainerItemProxy */;
		};
/* End PBXTargetDependency section */

/* Begin PBXVariantGroup section */
		4E44330423FD7BB7000B2163 /* LaunchScreen.storyboard */ = {
			isa = PBXVariantGroup;
			children = (
				4E44330523FD7BB7000B2163 /* Base */,
			);
			name = LaunchScreen.storyboard;
			sourceTree = "<group>";
		};
/* End PBXVariantGroup section */

/* Begin XCBuildConfiguration section */
		4E44331E23FD7BB7000B2163 /* Debug */ = {
			isa = XCBuildConfiguration;
			buildSettings = {
				ALWAYS_SEARCH_USER_PATHS = NO;
				CLANG_ANALYZER_NONNULL = YES;
				CLANG_ANALYZER_NUMBER_OBJECT_CONVERSION = YES_AGGRESSIVE;
				CLANG_CXX_LANGUAGE_STANDARD = "gnu++14";
				CLANG_CXX_LIBRARY = "libc++";
				CLANG_ENABLE_MODULES = YES;
				CLANG_ENABLE_OBJC_ARC = YES;
				CLANG_ENABLE_OBJC_WEAK = YES;
				CLANG_WARN_BLOCK_CAPTURE_AUTORELEASING = YES;
				CLANG_WARN_BOOL_CONVERSION = YES;
				CLANG_WARN_COMMA = YES;
				CLANG_WARN_CONSTANT_CONVERSION = YES;
				CLANG_WARN_DEPRECATED_OBJC_IMPLEMENTATIONS = YES;
				CLANG_WARN_DIRECT_OBJC_ISA_USAGE = YES_ERROR;
				CLANG_WARN_DOCUMENTATION_COMMENTS = YES;
				CLANG_WARN_EMPTY_BODY = YES;
				CLANG_WARN_ENUM_CONVERSION = YES;
				CLANG_WARN_INFINITE_RECURSION = YES;
				CLANG_WARN_INT_CONVERSION = YES;
				CLANG_WARN_NON_LITERAL_NULL_CONVERSION = YES;
				CLANG_WARN_OBJC_IMPLICIT_RETAIN_SELF = YES;
				CLANG_WARN_OBJC_LITERAL_CONVERSION = YES;
				CLANG_WARN_OBJC_ROOT_CLASS = YES_ERROR;
				CLANG_WARN_RANGE_LOOP_ANALYSIS = YES;
				CLANG_WARN_STRICT_PROTOTYPES = YES;
				CLANG_WARN_SUSPICIOUS_MOVE = YES;
				CLANG_WARN_UNGUARDED_AVAILABILITY = YES_AGGRESSIVE;
				CLANG_WARN_UNREACHABLE_CODE = YES;
				CLANG_WARN__DUPLICATE_METHOD_MATCH = YES;
				COPY_PHASE_STRIP = NO;
				DEBUG_INFORMATION_FORMAT = dwarf;
				ENABLE_STRICT_OBJC_MSGSEND = YES;
				ENABLE_TESTABILITY = YES;
				GCC_C_LANGUAGE_STANDARD = gnu11;
				GCC_DYNAMIC_NO_PIC = NO;
				GCC_NO_COMMON_BLOCKS = YES;
				GCC_OPTIMIZATION_LEVEL = 0;
				GCC_PREPROCESSOR_DEFINITIONS = (
					"DEBUG=1",
					"$(inherited)",
				);
				GCC_WARN_64_TO_32_BIT_CONVERSION = YES;
				GCC_WARN_ABOUT_RETURN_TYPE = YES_ERROR;
				GCC_WARN_UNDECLARED_SELECTOR = YES;
				GCC_WARN_UNINITIALIZED_AUTOS = YES_AGGRESSIVE;
				GCC_WARN_UNUSED_FUNCTION = YES;
				GCC_WARN_UNUSED_VARIABLE = YES;
				IPHONEOS_DEPLOYMENT_TARGET = 13.2;
				MTL_ENABLE_DEBUG_INFO = INCLUDE_SOURCE;
				MTL_FAST_MATH = YES;
				ONLY_ACTIVE_ARCH = YES;
				SDKROOT = iphoneos;
				SWIFT_ACTIVE_COMPILATION_CONDITIONS = DEBUG;
				SWIFT_OPTIMIZATION_LEVEL = "-Onone";
			};
			name = Debug;
		};
		4E44331F23FD7BB7000B2163 /* Release */ = {
			isa = XCBuildConfiguration;
			buildSettings = {
				ALWAYS_SEARCH_USER_PATHS = NO;
				CLANG_ANALYZER_NONNULL = YES;
				CLANG_ANALYZER_NUMBER_OBJECT_CONVERSION = YES_AGGRESSIVE;
				CLANG_CXX_LANGUAGE_STANDARD = "gnu++14";
				CLANG_CXX_LIBRARY = "libc++";
				CLANG_ENABLE_MODULES = YES;
				CLANG_ENABLE_OBJC_ARC = YES;
				CLANG_ENABLE_OBJC_WEAK = YES;
				CLANG_WARN_BLOCK_CAPTURE_AUTORELEASING = YES;
				CLANG_WARN_BOOL_CONVERSION = YES;
				CLANG_WARN_COMMA = YES;
				CLANG_WARN_CONSTANT_CONVERSION = YES;
				CLANG_WARN_DEPRECATED_OBJC_IMPLEMENTATIONS = YES;
				CLANG_WARN_DIRECT_OBJC_ISA_USAGE = YES_ERROR;
				CLANG_WARN_DOCUMENTATION_COMMENTS = YES;
				CLANG_WARN_EMPTY_BODY = YES;
				CLANG_WARN_ENUM_CONVERSION = YES;
				CLANG_WARN_INFINITE_RECURSION = YES;
				CLANG_WARN_INT_CONVERSION = YES;
				CLANG_WARN_NON_LITERAL_NULL_CONVERSION = YES;
				CLANG_WARN_OBJC_IMPLICIT_RETAIN_SELF = YES;
				CLANG_WARN_OBJC_LITERAL_CONVERSION = YES;
				CLANG_WARN_OBJC_ROOT_CLASS = YES_ERROR;
				CLANG_WARN_RANGE_LOOP_ANALYSIS = YES;
				CLANG_WARN_STRICT_PROTOTYPES = YES;
				CLANG_WARN_SUSPICIOUS_MOVE = YES;
				CLANG_WARN_UNGUARDED_AVAILABILITY = YES_AGGRESSIVE;
				CLANG_WARN_UNREACHABLE_CODE = YES;
				CLANG_WARN__DUPLICATE_METHOD_MATCH = YES;
				COPY_PHASE_STRIP = NO;
				DEBUG_INFORMATION_FORMAT = "dwarf-with-dsym";
				ENABLE_NS_ASSERTIONS = NO;
				ENABLE_STRICT_OBJC_MSGSEND = YES;
				GCC_C_LANGUAGE_STANDARD = gnu11;
				GCC_NO_COMMON_BLOCKS = YES;
				GCC_WARN_64_TO_32_BIT_CONVERSION = YES;
				GCC_WARN_ABOUT_RETURN_TYPE = YES_ERROR;
				GCC_WARN_UNDECLARED_SELECTOR = YES;
				GCC_WARN_UNINITIALIZED_AUTOS = YES_AGGRESSIVE;
				GCC_WARN_UNUSED_FUNCTION = YES;
				GCC_WARN_UNUSED_VARIABLE = YES;
				IPHONEOS_DEPLOYMENT_TARGET = 13.2;
				MTL_ENABLE_DEBUG_INFO = NO;
				MTL_FAST_MATH = YES;
				SDKROOT = iphoneos;
				SWIFT_COMPILATION_MODE = wholemodule;
				SWIFT_OPTIMIZATION_LEVEL = "-O";
				VALIDATE_PRODUCT = YES;
			};
			name = Release;
		};
		4E44332123FD7BB7000B2163 /* Debug */ = {
			isa = XCBuildConfiguration;
			buildSettings = {
				ASSETCATALOG_COMPILER_APPICON_NAME = AppIcon;
				CODE_SIGN_STYLE = Automatic;
				DEVELOPMENT_ASSET_PATHS = "\"hello/Preview Content\"";
				ENABLE_PREVIEWS = YES;
				INFOPLIST_FILE = hello/Info.plist;
				LD_RUNPATH_SEARCH_PATHS = (
					"$(inherited)",
					"@executable_path/Frameworks",
				);
				PRODUCT_BUNDLE_IDENTIFIER = com.joan.hello;
				PRODUCT_NAME = "$(TARGET_NAME)";
				SWIFT_VERSION = 5.0;
				TARGETED_DEVICE_FAMILY = "1,2";
			};
			name = Debug;
		};
		4E44332223FD7BB7000B2163 /* Release */ = {
			isa = XCBuildConfiguration;
			buildSettings = {
				ASSETCATALOG_COMPILER_APPICON_NAME = AppIcon;
				CODE_SIGN_STYLE = Automatic;
				DEVELOPMENT_ASSET_PATHS = "\"hello/Preview Content\"";
				ENABLE_PREVIEWS = YES;
				INFOPLIST_FILE = hello/Info.plist;
				LD_RUNPATH_SEARCH_PATHS = (
					"$(inherited)",
					"@executable_path/Frameworks",
				);
				PRODUCT_BUNDLE_IDENTIFIER = com.joan.hello;
				PRODUCT_NAME = "$(TARGET_NAME)";
				SWIFT_VERSION = 5.0;
				TARGETED_DEVICE_FAMILY = "1,2";
			};
			name = Release;
		};
		4E44332423FD7BB7000B2163 /* Debug */ = {
			isa = XCBuildConfiguration;
			buildSettings = {
				ALWAYS_EMBED_SWIFT_STANDARD_LIBRARIES = YES;
				BUNDLE_LOADER = "$(TEST_HOST)";
				CODE_SIGN_STYLE = Automatic;
				INFOPLIST_FILE = helloTests/Info.plist;
				IPHONEOS_DEPLOYMENT_TARGET = 13.2;
				LD_RUNPATH_SEARCH_PATHS = (
					"$(inherited)",
					"@executable_path/Frameworks",
					"@loader_path/Frameworks",
				);
				PRODUCT_BUNDLE_IDENTIFIER = com.joan.helloTests;
				PRODUCT_NAME = "$(TARGET_NAME)";
				SWIFT_VERSION = 5.0;
				TARGETED_DEVICE_FAMILY = "1,2";
				TEST_HOST = "$(BUILT_PRODUCTS_DIR)/hello.app/hello";
			};
			name = Debug;
		};
		4E44332523FD7BB7000B2163 /* Release */ = {
			isa = XCBuildConfiguration;
			buildSettings = {
				ALWAYS_EMBED_SWIFT_STANDARD_LIBRARIES = YES;
				BUNDLE_LOADER = "$(TEST_HOST)";
				CODE_SIGN_STYLE = Automatic;
				INFOPLIST_FILE = helloTests/Info.plist;
				IPHONEOS_DEPLOYMENT_TARGET = 13.2;
				LD_RUNPATH_SEARCH_PATHS = (
					"$(inherited)",
					"@executable_path/Frameworks",
					"@loader_path/Frameworks",
				);
				PRODUCT_BUNDLE_IDENTIFIER = com.joan.helloTests;
				PRODUCT_NAME = "$(TARGET_NAME)";
				SWIFT_VERSION = 5.0;
				TARGETED_DEVICE_FAMILY = "1,2";
				TEST_HOST = "$(BUILT_PRODUCTS_DIR)/hello.app/hello";
			};
			name = Release;
		};
		4E44332723FD7BB7000B2163 /* Debug */ = {
			isa = XCBuildConfiguration;
			buildSettings = {
				ALWAYS_EMBED_SWIFT_STANDARD_LIBRARIES = YES;
				CODE_SIGN_STYLE = Automatic;
				INFOPLIST_FILE = helloUITests/Info.plist;
				LD_RUNPATH_SEARCH_PATHS = (
					"$(inherited)",
					"@executable_path/Frameworks",
					"@loader_path/Frameworks",
				);
				PRODUCT_BUNDLE_IDENTIFIER = com.joan.helloUITests;
				PRODUCT_NAME = "$(TARGET_NAME)";
				SWIFT_VERSION = 5.0;
				TARGETED_DEVICE_FAMILY = "1,2";
				TEST_TARGET_NAME = hello;
			};
			name = Debug;
		};
		4E44332823FD7BB7000B2163 /* Release */ = {
			isa = XCBuildConfiguration;
			buildSettings = {
				ALWAYS_EMBED_SWIFT_STANDARD_LIBRARIES = YES;
				CODE_SIGN_STYLE = Automatic;
				INFOPLIST_FILE = helloUITests/Info.plist;
				LD_RUNPATH_SEARCH_PATHS = (
					"$(inherited)",
					"@executable_path/Frameworks",
					"@loader_path/Frameworks",
				);
				PRODUCT_BUNDLE_IDENTIFIER = com.joan.helloUITests;
				PRODUCT_NAME = "$(TARGET_NAME)";
				SWIFT_VERSION = 5.0;
				TARGETED_DEVICE_FAMILY = "1,2";
				TEST_TARGET_NAME = hello;
			};
			name = Release;
		};
/* End XCBuildConfiguration section */

/* Begin XCConfigurationList section */
		4E4432F123FD7BB3000B2163 /* Build configuration list for PBXProject "hello" */ = {
			isa = XCConfigurationList;
			buildConfigurations = (
				4E44331E23FD7BB7000B2163 /* Debug */,
				4E44331F23FD7BB7000B2163 /* Release */,
			);
			defaultConfigurationIsVisible = 0;
			defaultConfigurationName = Release;
		};
		4E44332023FD7BB7000B2163 /* Build configuration list for PBXNativeTarget "hello" */ = {
			isa = XCConfigurationList;
			buildConfigurations = (
				4E44332123FD7BB7000B2163 /* Debug */,
				4E44332223FD7BB7000B2163 /* Release */,
			);
			defaultConfigurationIsVisible = 0;
			defaultConfigurationName = Release;
		};
		4E44332323FD7BB7000B2163 /* Build configuration list for PBXNativeTarget "helloTests" */ = {
			isa = XCConfigurationList;
			buildConfigurations = (
				4E44332423FD7BB7000B2163 /* Debug */,
				4E44332523FD7BB7000B2163 /* Release */,
			);
			defaultConfigurationIsVisible = 0;
			defaultConfigurationName = Release;
		};
		4E44332623FD7BB7000B2163 /* Build configuration list for PBXNativeTarget "helloUITests" */ = {
			isa = XCConfigurationList;
			buildConfigurations = (
				4E44332723FD7BB7000B2163 /* Debug */,
				4E44332823FD7BB7000B2163 /* Release */,
			);
			defaultConfigurationIsVisible = 0;
			defaultConfigurationName = Release;
		};
/* End XCConfigurationList section */
	};
	rootObject = 4E4432EE23FD7BB3000B2163 /* Project object */;
}
